// !$*UTF8*$!
{
	archiveVersion = 1;
	classes = {
	};
	objectVersion = 46;
	objects = {

/* Begin PBXBuildFile section */
		E82D6DEB19AAB91F006F7C20 /* LICENSE in Resources */ = {isa = PBXBuildFile; fileRef = E82D6DEA19AAB91F006F7C20 /* LICENSE */; };
		E85E143A1927DF05009D2C3A /* JLError.m in Sources */ = {isa = PBXBuildFile; fileRef = E85E142F1927DF05009D2C3A /* JLError.m */; };
		E85E143B1927DF05009D2C3A /* JLFile.m in Sources */ = {isa = PBXBuildFile; fileRef = E85E14311927DF05009D2C3A /* JLFile.m */; };
		E85E143C1927DF05009D2C3A /* JLURLConnection.m in Sources */ = {isa = PBXBuildFile; fileRef = E85E14331927DF05009D2C3A /* JLURLConnection.m */; };
		E85E143D1927DF05009D2C3A /* JLURLConnectionsCollection.m in Sources */ = {isa = PBXBuildFile; fileRef = E85E14351927DF05009D2C3A /* JLURLConnectionsCollection.m */; };
		E85E143E1927DF05009D2C3A /* NSData+JSON.m in Sources */ = {isa = PBXBuildFile; fileRef = E85E14371927DF05009D2C3A /* NSData+JSON.m */; };
		E85E143F1927DF05009D2C3A /* NSString+JSON.m in Sources */ = {isa = PBXBuildFile; fileRef = E85E14391927DF05009D2C3A /* NSString+JSON.m */; };
		E85E14421927E2F9009D2C3A /* NSDictionary+JSON.m in Sources */ = {isa = PBXBuildFile; fileRef = E85E14411927E2F9009D2C3A /* NSDictionary+JSON.m */; };
		E85E14441927E824009D2C3A /* MediaPlayer.framework in Frameworks */ = {isa = PBXBuildFile; fileRef = E85E14431927E824009D2C3A /* MediaPlayer.framework */; };
		E8D9F7081927DD7F0054F3E7 /* Foundation.framework in Frameworks */ = {isa = PBXBuildFile; fileRef = E8D9F7071927DD7F0054F3E7 /* Foundation.framework */; };
		E8D9F70A1927DD7F0054F3E7 /* CoreGraphics.framework in Frameworks */ = {isa = PBXBuildFile; fileRef = E8D9F7091927DD7F0054F3E7 /* CoreGraphics.framework */; };
		E8D9F70C1927DD7F0054F3E7 /* UIKit.framework in Frameworks */ = {isa = PBXBuildFile; fileRef = E8D9F70B1927DD7F0054F3E7 /* UIKit.framework */; };
		E8D9F7121927DD800054F3E7 /* InfoPlist.strings in Resources */ = {isa = PBXBuildFile; fileRef = E8D9F7101927DD800054F3E7 /* InfoPlist.strings */; };
		E8D9F7141927DD800054F3E7 /* main.m in Sources */ = {isa = PBXBuildFile; fileRef = E8D9F7131927DD800054F3E7 /* main.m */; };
		E8D9F7181927DD800054F3E7 /* JLAppDelegate.m in Sources */ = {isa = PBXBuildFile; fileRef = E8D9F7171927DD800054F3E7 /* JLAppDelegate.m */; };
		E8D9F71B1927DD800054F3E7 /* Main.storyboard in Resources */ = {isa = PBXBuildFile; fileRef = E8D9F7191927DD800054F3E7 /* Main.storyboard */; };
		E8D9F71E1927DD800054F3E7 /* JLFirstViewController.m in Sources */ = {isa = PBXBuildFile; fileRef = E8D9F71D1927DD800054F3E7 /* JLFirstViewController.m */; };
		E8D9F7211927DD800054F3E7 /* JLSecondViewController.m in Sources */ = {isa = PBXBuildFile; fileRef = E8D9F7201927DD800054F3E7 /* JLSecondViewController.m */; };
		E8D9F7231927DD800054F3E7 /* Images.xcassets in Resources */ = {isa = PBXBuildFile; fileRef = E8D9F7221927DD800054F3E7 /* Images.xcassets */; };
		E8D9F72A1927DD800054F3E7 /* XCTest.framework in Frameworks */ = {isa = PBXBuildFile; fileRef = E8D9F7291927DD800054F3E7 /* XCTest.framework */; };
		E8D9F72B1927DD800054F3E7 /* Foundation.framework in Frameworks */ = {isa = PBXBuildFile; fileRef = E8D9F7071927DD7F0054F3E7 /* Foundation.framework */; };
		E8D9F72C1927DD800054F3E7 /* UIKit.framework in Frameworks */ = {isa = PBXBuildFile; fileRef = E8D9F70B1927DD7F0054F3E7 /* UIKit.framework */; };
		E8D9F7341927DD800054F3E7 /* InfoPlist.strings in Resources */ = {isa = PBXBuildFile; fileRef = E8D9F7321927DD800054F3E7 /* InfoPlist.strings */; };
		E8D9F7361927DD800054F3E7 /* JLURLConnectionExampleTests.m in Sources */ = {isa = PBXBuildFile; fileRef = E8D9F7351927DD800054F3E7 /* JLURLConnectionExampleTests.m */; };
/* End PBXBuildFile section */

/* Begin PBXContainerItemProxy section */
		E8D9F72D1927DD800054F3E7 /* PBXContainerItemProxy */ = {
			isa = PBXContainerItemProxy;
			containerPortal = E8D9F6FC1927DD7F0054F3E7 /* Project object */;
			proxyType = 1;
			remoteGlobalIDString = E8D9F7031927DD7F0054F3E7;
			remoteInfo = JLURLConnectionExample;
		};
/* End PBXContainerItemProxy section */

/* Begin PBXFileReference section */
		E82D6DEA19AAB91F006F7C20 /* LICENSE */ = {isa = PBXFileReference; fileEncoding = 4; lastKnownFileType = text; path = LICENSE; sourceTree = "<group>"; };
		E85E142E1927DF05009D2C3A /* JLError.h */ = {isa = PBXFileReference; fileEncoding = 4; lastKnownFileType = sourcecode.c.h; path = JLError.h; sourceTree = "<group>"; };
		E85E142F1927DF05009D2C3A /* JLError.m */ = {isa = PBXFileReference; fileEncoding = 4; lastKnownFileType = sourcecode.c.objc; path = JLError.m; sourceTree = "<group>"; };
		E85E14301927DF05009D2C3A /* JLFile.h */ = {isa = PBXFileReference; fileEncoding = 4; lastKnownFileType = sourcecode.c.h; path = JLFile.h; sourceTree = "<group>"; };
		E85E14311927DF05009D2C3A /* JLFile.m */ = {isa = PBXFileReference; fileEncoding = 4; lastKnownFileType = sourcecode.c.objc; path = JLFile.m; sourceTree = "<group>"; };
		E85E14321927DF05009D2C3A /* JLURLConnection.h */ = {isa = PBXFileReference; fileEncoding = 4; lastKnownFileType = sourcecode.c.h; path = JLURLConnection.h; sourceTree = "<group>"; };
		E85E14331927DF05009D2C3A /* JLURLConnection.m */ = {isa = PBXFileReference; fileEncoding = 4; lastKnownFileType = sourcecode.c.objc; path = JLURLConnection.m; sourceTree = "<group>"; };
		E85E14341927DF05009D2C3A /* JLURLConnectionsCollection.h */ = {isa = PBXFileReference; fileEncoding = 4; lastKnownFileType = sourcecode.c.h; path = JLURLConnectionsCollection.h; sourceTree = "<group>"; };
		E85E14351927DF05009D2C3A /* JLURLConnectionsCollection.m */ = {isa = PBXFileReference; fileEncoding = 4; lastKnownFileType = sourcecode.c.objc; path = JLURLConnectionsCollection.m; sourceTree = "<group>"; };
		E85E14361927DF05009D2C3A /* NSData+JSON.h */ = {isa = PBXFileReference; fileEncoding = 4; lastKnownFileType = sourcecode.c.h; path = "NSData+JSON.h"; sourceTree = "<group>"; };
		E85E14371927DF05009D2C3A /* NSData+JSON.m */ = {isa = PBXFileReference; fileEncoding = 4; lastKnownFileType = sourcecode.c.objc; path = "NSData+JSON.m"; sourceTree = "<group>"; };
		E85E14381927DF05009D2C3A /* NSString+JSON.h */ = {isa = PBXFileReference; fileEncoding = 4; lastKnownFileType = sourcecode.c.h; path = "NSString+JSON.h"; sourceTree = "<group>"; };
		E85E14391927DF05009D2C3A /* NSString+JSON.m */ = {isa = PBXFileReference; fileEncoding = 4; lastKnownFileType = sourcecode.c.objc; path = "NSString+JSON.m"; sourceTree = "<group>"; };
		E85E14401927E2F9009D2C3A /* NSDictionary+JSON.h */ = {isa = PBXFileReference; fileEncoding = 4; lastKnownFileType = sourcecode.c.h; path = "NSDictionary+JSON.h"; sourceTree = "<group>"; };
		E85E14411927E2F9009D2C3A /* NSDictionary+JSON.m */ = {isa = PBXFileReference; fileEncoding = 4; lastKnownFileType = sourcecode.c.objc; path = "NSDictionary+JSON.m"; sourceTree = "<group>"; };
		E85E14431927E824009D2C3A /* MediaPlayer.framework */ = {isa = PBXFileReference; lastKnownFileType = wrapper.framework; name = MediaPlayer.framework; path = System/Library/Frameworks/MediaPlayer.framework; sourceTree = SDKROOT; };
		E8D9F7041927DD7F0054F3E7 /* JLURLConnectionExample.app */ = {isa = PBXFileReference; explicitFileType = wrapper.application; includeInIndex = 0; path = JLURLConnectionExample.app; sourceTree = BUILT_PRODUCTS_DIR; };
		E8D9F7071927DD7F0054F3E7 /* Foundation.framework */ = {isa = PBXFileReference; lastKnownFileType = wrapper.framework; name = Foundation.framework; path = System/Library/Frameworks/Foundation.framework; sourceTree = SDKROOT; };
		E8D9F7091927DD7F0054F3E7 /* CoreGraphics.framework */ = {isa = PBXFileReference; lastKnownFileType = wrapper.framework; name = CoreGraphics.framework; path = System/Library/Frameworks/CoreGraphics.framework; sourceTree = SDKROOT; };
		E8D9F70B1927DD7F0054F3E7 /* UIKit.framework */ = {isa = PBXFileReference; lastKnownFileType = wrapper.framework; name = UIKit.framework; path = System/Library/Frameworks/UIKit.framework; sourceTree = SDKROOT; };
		E8D9F70F1927DD800054F3E7 /* JLURLConnectionExample-Info.plist */ = {isa = PBXFileReference; lastKnownFileType = text.plist.xml; path = "JLURLConnectionExample-Info.plist"; sourceTree = "<group>"; };
		E8D9F7111927DD800054F3E7 /* en */ = {isa = PBXFileReference; lastKnownFileType = text.plist.strings; name = en; path = en.lproj/InfoPlist.strings; sourceTree = "<group>"; };
		E8D9F7131927DD800054F3E7 /* main.m */ = {isa = PBXFileReference; lastKnownFileType = sourcecode.c.objc; path = main.m; sourceTree = "<group>"; };
		E8D9F7151927DD800054F3E7 /* JLURLConnectionExample-Prefix.pch */ = {isa = PBXFileReference; lastKnownFileType = sourcecode.c.h; path = "JLURLConnectionExample-Prefix.pch"; sourceTree = "<group>"; };
		E8D9F7161927DD800054F3E7 /* JLAppDelegate.h */ = {isa = PBXFileReference; lastKnownFileType = sourcecode.c.h; path = JLAppDelegate.h; sourceTree = "<group>"; };
		E8D9F7171927DD800054F3E7 /* JLAppDelegate.m */ = {isa = PBXFileReference; lastKnownFileType = sourcecode.c.objc; path = JLAppDelegate.m; sourceTree = "<group>"; };
		E8D9F71A1927DD800054F3E7 /* Base */ = {isa = PBXFileReference; lastKnownFileType = file.storyboard; name = Base; path = Base.lproj/Main.storyboard; sourceTree = "<group>"; };
		E8D9F71C1927DD800054F3E7 /* JLFirstViewController.h */ = {isa = PBXFileReference; lastKnownFileType = sourcecode.c.h; path = JLFirstViewController.h; sourceTree = "<group>"; };
		E8D9F71D1927DD800054F3E7 /* JLFirstViewController.m */ = {isa = PBXFileReference; lastKnownFileType = sourcecode.c.objc; path = JLFirstViewController.m; sourceTree = "<group>"; };
		E8D9F71F1927DD800054F3E7 /* JLSecondViewController.h */ = {isa = PBXFileReference; lastKnownFileType = sourcecode.c.h; path = JLSecondViewController.h; sourceTree = "<group>"; };
		E8D9F7201927DD800054F3E7 /* JLSecondViewController.m */ = {isa = PBXFileReference; lastKnownFileType = sourcecode.c.objc; path = JLSecondViewController.m; sourceTree = "<group>"; };
		E8D9F7221927DD800054F3E7 /* Images.xcassets */ = {isa = PBXFileReference; lastKnownFileType = folder.assetcatalog; path = Images.xcassets; sourceTree = "<group>"; };
		E8D9F7281927DD800054F3E7 /* JLURLConnectionExampleTests.xctest */ = {isa = PBXFileReference; explicitFileType = wrapper.cfbundle; includeInIndex = 0; path = JLURLConnectionExampleTests.xctest; sourceTree = BUILT_PRODUCTS_DIR; };
		E8D9F7291927DD800054F3E7 /* XCTest.framework */ = {isa = PBXFileReference; lastKnownFileType = wrapper.framework; name = XCTest.framework; path = Library/Frameworks/XCTest.framework; sourceTree = DEVELOPER_DIR; };
		E8D9F7311927DD800054F3E7 /* JLURLConnectionExampleTests-Info.plist */ = {isa = PBXFileReference; lastKnownFileType = text.plist.xml; path = "JLURLConnectionExampleTests-Info.plist"; sourceTree = "<group>"; };
		E8D9F7331927DD800054F3E7 /* en */ = {isa = PBXFileReference; lastKnownFileType = text.plist.strings; name = en; path = en.lproj/InfoPlist.strings; sourceTree = "<group>"; };
		E8D9F7351927DD800054F3E7 /* JLURLConnectionExampleTests.m */ = {isa = PBXFileReference; lastKnownFileType = sourcecode.c.objc; path = JLURLConnectionExampleTests.m; sourceTree = "<group>"; };
/* End PBXFileReference section */

/* Begin PBXFrameworksBuildPhase section */
		E8D9F7011927DD7F0054F3E7 /* Frameworks */ = {
			isa = PBXFrameworksBuildPhase;
			buildActionMask = 2147483647;
			files = (
				E85E14441927E824009D2C3A /* MediaPlayer.framework in Frameworks */,
				E8D9F70A1927DD7F0054F3E7 /* CoreGraphics.framework in Frameworks */,
				E8D9F70C1927DD7F0054F3E7 /* UIKit.framework in Frameworks */,
				E8D9F7081927DD7F0054F3E7 /* Foundation.framework in Frameworks */,
			);
			runOnlyForDeploymentPostprocessing = 0;
		};
		E8D9F7251927DD800054F3E7 /* Frameworks */ = {
			isa = PBXFrameworksBuildPhase;
			buildActionMask = 2147483647;
			files = (
				E8D9F72A1927DD800054F3E7 /* XCTest.framework in Frameworks */,
				E8D9F72C1927DD800054F3E7 /* UIKit.framework in Frameworks */,
				E8D9F72B1927DD800054F3E7 /* Foundation.framework in Frameworks */,
			);
			runOnlyForDeploymentPostprocessing = 0;
		};
/* End PBXFrameworksBuildPhase section */

/* Begin PBXGroup section */
		E85E142D1927DF05009D2C3A /* JLURLConnection */ = {
			isa = PBXGroup;
			children = (
				E82D6DEA19AAB91F006F7C20 /* LICENSE */,
				E85E142E1927DF05009D2C3A /* JLError.h */,
				E85E142F1927DF05009D2C3A /* JLError.m */,
				E85E14301927DF05009D2C3A /* JLFile.h */,
				E85E14311927DF05009D2C3A /* JLFile.m */,
				E85E14321927DF05009D2C3A /* JLURLConnection.h */,
				E85E14331927DF05009D2C3A /* JLURLConnection.m */,
				E85E14341927DF05009D2C3A /* JLURLConnectionsCollection.h */,
				E85E14351927DF05009D2C3A /* JLURLConnectionsCollection.m */,
				E85E14361927DF05009D2C3A /* NSData+JSON.h */,
				E85E14371927DF05009D2C3A /* NSData+JSON.m */,
				E85E14381927DF05009D2C3A /* NSString+JSON.h */,
				E85E14391927DF05009D2C3A /* NSString+JSON.m */,
				E85E14401927E2F9009D2C3A /* NSDictionary+JSON.h */,
				E85E14411927E2F9009D2C3A /* NSDictionary+JSON.m */,
			);
			name = JLURLConnection;
			path = ../../JLURLConnection;
			sourceTree = "<group>";
		};
		E8D9F6FB1927DD7F0054F3E7 = {
			isa = PBXGroup;
			children = (
				E8D9F70D1927DD800054F3E7 /* JLURLConnectionExample */,
				E8D9F72F1927DD800054F3E7 /* JLURLConnectionExampleTests */,
				E8D9F7061927DD7F0054F3E7 /* Frameworks */,
				E8D9F7051927DD7F0054F3E7 /* Products */,
			);
			sourceTree = "<group>";
		};
		E8D9F7051927DD7F0054F3E7 /* Products */ = {
			isa = PBXGroup;
			children = (
				E8D9F7041927DD7F0054F3E7 /* JLURLConnectionExample.app */,
				E8D9F7281927DD800054F3E7 /* JLURLConnectionExampleTests.xctest */,
			);
			name = Products;
			sourceTree = "<group>";
		};
		E8D9F7061927DD7F0054F3E7 /* Frameworks */ = {
			isa = PBXGroup;
			children = (
				E85E14431927E824009D2C3A /* MediaPlayer.framework */,
				E8D9F7071927DD7F0054F3E7 /* Foundation.framework */,
				E8D9F7091927DD7F0054F3E7 /* CoreGraphics.framework */,
				E8D9F70B1927DD7F0054F3E7 /* UIKit.framework */,
				E8D9F7291927DD800054F3E7 /* XCTest.framework */,
			);
			name = Frameworks;
			sourceTree = "<group>";
		};
		E8D9F70D1927DD800054F3E7 /* JLURLConnectionExample */ = {
			isa = PBXGroup;
			children = (
				E85E142D1927DF05009D2C3A /* JLURLConnection */,
				E8D9F7161927DD800054F3E7 /* JLAppDelegate.h */,
				E8D9F7171927DD800054F3E7 /* JLAppDelegate.m */,
				E8D9F7191927DD800054F3E7 /* Main.storyboard */,
				E8D9F71C1927DD800054F3E7 /* JLFirstViewController.h */,
				E8D9F71D1927DD800054F3E7 /* JLFirstViewController.m */,
				E8D9F71F1927DD800054F3E7 /* JLSecondViewController.h */,
				E8D9F7201927DD800054F3E7 /* JLSecondViewController.m */,
				E8D9F7221927DD800054F3E7 /* Images.xcassets */,
				E8D9F70E1927DD800054F3E7 /* Supporting Files */,
			);
			path = JLURLConnectionExample;
			sourceTree = "<group>";
		};
		E8D9F70E1927DD800054F3E7 /* Supporting Files */ = {
			isa = PBXGroup;
			children = (
				E8D9F70F1927DD800054F3E7 /* JLURLConnectionExample-Info.plist */,
				E8D9F7101927DD800054F3E7 /* InfoPlist.strings */,
				E8D9F7131927DD800054F3E7 /* main.m */,
				E8D9F7151927DD800054F3E7 /* JLURLConnectionExample-Prefix.pch */,
			);
			name = "Supporting Files";
			sourceTree = "<group>";
		};
		E8D9F72F1927DD800054F3E7 /* JLURLConnectionExampleTests */ = {
			isa = PBXGroup;
			children = (
				E8D9F7351927DD800054F3E7 /* JLURLConnectionExampleTests.m */,
				E8D9F7301927DD800054F3E7 /* Supporting Files */,
			);
			path = JLURLConnectionExampleTests;
			sourceTree = "<group>";
		};
		E8D9F7301927DD800054F3E7 /* Supporting Files */ = {
			isa = PBXGroup;
			children = (
				E8D9F7311927DD800054F3E7 /* JLURLConnectionExampleTests-Info.plist */,
				E8D9F7321927DD800054F3E7 /* InfoPlist.strings */,
			);
			name = "Supporting Files";
			sourceTree = "<group>";
		};
/* End PBXGroup section */

/* Begin PBXNativeTarget section */
		E8D9F7031927DD7F0054F3E7 /* JLURLConnectionExample */ = {
			isa = PBXNativeTarget;
			buildConfigurationList = E8D9F7391927DD800054F3E7 /* Build configuration list for PBXNativeTarget "JLURLConnectionExample" */;
			buildPhases = (
				E8D9F7001927DD7F0054F3E7 /* Sources */,
				E8D9F7011927DD7F0054F3E7 /* Frameworks */,
				E8D9F7021927DD7F0054F3E7 /* Resources */,
			);
			buildRules = (
			);
			dependencies = (
			);
			name = JLURLConnectionExample;
			productName = JLURLConnectionExample;
			productReference = E8D9F7041927DD7F0054F3E7 /* JLURLConnectionExample.app */;
			productType = "com.apple.product-type.application";
		};
		E8D9F7271927DD800054F3E7 /* JLURLConnectionExampleTests */ = {
			isa = PBXNativeTarget;
			buildConfigurationList = E8D9F73C1927DD800054F3E7 /* Build configuration list for PBXNativeTarget "JLURLConnectionExampleTests" */;
			buildPhases = (
				E8D9F7241927DD800054F3E7 /* Sources */,
				E8D9F7251927DD800054F3E7 /* Frameworks */,
				E8D9F7261927DD800054F3E7 /* Resources */,
			);
			buildRules = (
			);
			dependencies = (
				E8D9F72E1927DD800054F3E7 /* PBXTargetDependency */,
			);
			name = JLURLConnectionExampleTests;
			productName = JLURLConnectionExampleTests;
			productReference = E8D9F7281927DD800054F3E7 /* JLURLConnectionExampleTests.xctest */;
			productType = "com.apple.product-type.bundle.unit-test";
		};
/* End PBXNativeTarget section */

/* Begin PBXProject section */
		E8D9F6FC1927DD7F0054F3E7 /* Project object */ = {
			isa = PBXProject;
			attributes = {
				CLASSPREFIX = JL;
				LastUpgradeCheck = 0500;
				ORGANIZATIONNAME = "A Lott Of Ideas";
				TargetAttributes = {
					E8D9F7271927DD800054F3E7 = {
						TestTargetID = E8D9F7031927DD7F0054F3E7;
					};
				};
			};
			buildConfigurationList = E8D9F6FF1927DD7F0054F3E7 /* Build configuration list for PBXProject "JLURLConnectionExample" */;
			compatibilityVersion = "Xcode 3.2";
			developmentRegion = English;
			hasScannedForEncodings = 0;
			knownRegions = (
				en,
				Base,
			);
			mainGroup = E8D9F6FB1927DD7F0054F3E7;
			productRefGroup = E8D9F7051927DD7F0054F3E7 /* Products */;
			projectDirPath = "";
			projectRoot = "";
			targets = (
				E8D9F7031927DD7F0054F3E7 /* JLURLConnectionExample */,
				E8D9F7271927DD800054F3E7 /* JLURLConnectionExampleTests */,
			);
		};
/* End PBXProject section */

/* Begin PBXResourcesBuildPhase section */
		E8D9F7021927DD7F0054F3E7 /* Resources */ = {
			isa = PBXResourcesBuildPhase;
			buildActionMask = 2147483647;
			files = (
				E8D9F7231927DD800054F3E7 /* Images.xcassets in Resources */,
				E8D9F7121927DD800054F3E7 /* InfoPlist.strings in Resources */,
				E82D6DEB19AAB91F006F7C20 /* LICENSE in Resources */,
				E8D9F71B1927DD800054F3E7 /* Main.storyboard in Resources */,
			);
			runOnlyForDeploymentPostprocessing = 0;
		};
		E8D9F7261927DD800054F3E7 /* Resources */ = {
			isa = PBXResourcesBuildPhase;
			buildActionMask = 2147483647;
			files = (
				E8D9F7341927DD800054F3E7 /* InfoPlist.strings in Resources */,
			);
			runOnlyForDeploymentPostprocessing = 0;
		};
/* End PBXResourcesBuildPhase section */

/* Begin PBXSourcesBuildPhase section */
		E8D9F7001927DD7F0054F3E7 /* Sources */ = {
			isa = PBXSourcesBuildPhase;
			buildActionMask = 2147483647;
			files = (
				E85E143C1927DF05009D2C3A /* JLURLConnection.m in Sources */,
				E8D9F7211927DD800054F3E7 /* JLSecondViewController.m in Sources */,
				E85E143A1927DF05009D2C3A /* JLError.m in Sources */,
				E85E14421927E2F9009D2C3A /* NSDictionary+JSON.m in Sources */,
				E8D9F7181927DD800054F3E7 /* JLAppDelegate.m in Sources */,
				E85E143B1927DF05009D2C3A /* JLFile.m in Sources */,
				E85E143F1927DF05009D2C3A /* NSString+JSON.m in Sources */,
				E8D9F7141927DD800054F3E7 /* main.m in Sources */,
				E8D9F71E1927DD800054F3E7 /* JLFirstViewController.m in Sources */,
				E85E143E1927DF05009D2C3A /* NSData+JSON.m in Sources */,
				E85E143D1927DF05009D2C3A /* JLURLConnectionsCollection.m in Sources */,
			);
			runOnlyForDeploymentPostprocessing = 0;
		};
		E8D9F7241927DD800054F3E7 /* Sources */ = {
			isa = PBXSourcesBuildPhase;
			buildActionMask = 2147483647;
			files = (
				E8D9F7361927DD800054F3E7 /* JLURLConnectionExampleTests.m in Sources */,
			);
			runOnlyForDeploymentPostprocessing = 0;
		};
/* End PBXSourcesBuildPhase section */

/* Begin PBXTargetDependency section */
		E8D9F72E1927DD800054F3E7 /* PBXTargetDependency */ = {
			isa = PBXTargetDependency;
			target = E8D9F7031927DD7F0054F3E7 /* JLURLConnectionExample */;
			targetProxy = E8D9F72D1927DD800054F3E7 /* PBXContainerItemProxy */;
		};
/* End PBXTargetDependency section */

/* Begin PBXVariantGroup section */
		E8D9F7101927DD800054F3E7 /* InfoPlist.strings */ = {
			isa = PBXVariantGroup;
			children = (
				E8D9F7111927DD800054F3E7 /* en */,
			);
			name = InfoPlist.strings;
			sourceTree = "<group>";
		};
		E8D9F7191927DD800054F3E7 /* Main.storyboard */ = {
			isa = PBXVariantGroup;
			children = (
				E8D9F71A1927DD800054F3E7 /* Base */,
			);
			name = Main.storyboard;
			sourceTree = "<group>";
		};
		E8D9F7321927DD800054F3E7 /* InfoPlist.strings */ = {
			isa = PBXVariantGroup;
			children = (
				E8D9F7331927DD800054F3E7 /* en */,
			);
			name = InfoPlist.strings;
			sourceTree = "<group>";
		};
/* End PBXVariantGroup section */

/* Begin XCBuildConfiguration section */
		E8D9F7371927DD800054F3E7 /* Debug */ = {
			isa = XCBuildConfiguration;
			buildSettings = {
				ALWAYS_SEARCH_USER_PATHS = NO;
				ARCHS = "$(ARCHS_STANDARD_INCLUDING_64_BIT)";
				CLANG_CXX_LANGUAGE_STANDARD = "gnu++0x";
				CLANG_CXX_LIBRARY = "libc++";
				CLANG_ENABLE_MODULES = YES;
				CLANG_ENABLE_OBJC_ARC = YES;
				CLANG_WARN_BOOL_CONVERSION = YES;
				CLANG_WARN_CONSTANT_CONVERSION = YES;
				CLANG_WARN_DIRECT_OBJC_ISA_USAGE = YES_ERROR;
				CLANG_WARN_EMPTY_BODY = YES;
				CLANG_WARN_ENUM_CONVERSION = YES;
				CLANG_WARN_INT_CONVERSION = YES;
				CLANG_WARN_OBJC_ROOT_CLASS = YES_ERROR;
				CLANG_WARN__DUPLICATE_METHOD_MATCH = YES;
				"CODE_SIGN_IDENTITY[sdk=iphoneos*]" = "iPhone Developer";
				COPY_PHASE_STRIP = NO;
				GCC_C_LANGUAGE_STANDARD = gnu99;
				GCC_DYNAMIC_NO_PIC = NO;
				GCC_OPTIMIZATION_LEVEL = 0;
				GCC_PREPROCESSOR_DEFINITIONS = (
					"DEBUG=1",
					"$(inherited)",
				);
				GCC_SYMBOLS_PRIVATE_EXTERN = NO;
				GCC_WARN_64_TO_32_BIT_CONVERSION = YES;
				GCC_WARN_ABOUT_RETURN_TYPE = YES_ERROR;
				GCC_WARN_UNDECLARED_SELECTOR = YES;
				GCC_WARN_UNINITIALIZED_AUTOS = YES;
				GCC_WARN_UNUSED_FUNCTION = YES;
				GCC_WARN_UNUSED_VARIABLE = YES;
				IPHONEOS_DEPLOYMENT_TARGET = 7.0;
				ONLY_ACTIVE_ARCH = YES;
				SDKROOT = iphoneos;
			};
			name = Debug;
		};
		E8D9F7381927DD800054F3E7 /* Release */ = {
			isa = XCBuildConfiguration;
			buildSettings = {
				ALWAYS_SEARCH_USER_PATHS = NO;
				ARCHS = "$(ARCHS_STANDARD_INCLUDING_64_BIT)";
				CLANG_CXX_LANGUAGE_STANDARD = "gnu++0x";
				CLANG_CXX_LIBRARY = "libc++";
				CLANG_ENABLE_MODULES = YES;
				CLANG_ENABLE_OBJC_ARC = YES;
				CLANG_WARN_BOOL_CONVERSION = YES;
				CLANG_WARN_CONSTANT_CONVERSION = YES;
				CLANG_WARN_DIRECT_OBJC_ISA_USAGE = YES_ERROR;
				CLANG_WARN_EMPTY_BODY = YES;
				CLANG_WARN_ENUM_CONVERSION = YES;
				CLANG_WARN_INT_CONVERSION = YES;
				CLANG_WARN_OBJC_ROOT_CLASS = YES_ERROR;
				CLANG_WARN__DUPLICATE_METHOD_MATCH = YES;
				"CODE_SIGN_IDENTITY[sdk=iphoneos*]" = "iPhone Developer";
				COPY_PHASE_STRIP = YES;
				ENABLE_NS_ASSERTIONS = NO;
				GCC_C_LANGUAGE_STANDARD = gnu99;
				GCC_WARN_64_TO_32_BIT_CONVERSION = YES;
				GCC_WARN_ABOUT_RETURN_TYPE = YES_ERROR;
				GCC_WARN_UNDECLARED_SELECTOR = YES;
				GCC_WARN_UNINITIALIZED_AUTOS = YES;
				GCC_WARN_UNUSED_FUNCTION = YES;
				GCC_WARN_UNUSED_VARIABLE = YES;
				IPHONEOS_DEPLOYMENT_TARGET = 7.0;
				SDKROOT = iphoneos;
				VALIDATE_PRODUCT = YES;
			};
			name = Release;
		};
		E8D9F73A1927DD800054F3E7 /* Debug */ = {
			isa = XCBuildConfiguration;
			buildSettings = {
				ASSETCATALOG_COMPILER_APPICON_NAME = AppIcon;
				ASSETCATALOG_COMPILER_LAUNCHIMAGE_NAME = LaunchImage;
				GCC_PRECOMPILE_PREFIX_HEADER = YES;
				GCC_PREFIX_HEADER = "JLURLConnectionExample/JLURLConnectionExample-Prefix.pch";
				INFOPLIST_FILE = "JLURLConnectionExample/JLURLConnectionExample-Info.plist";
				PRODUCT_NAME = "$(TARGET_NAME)";
				WRAPPER_EXTENSION = app;
			};
			name = Debug;
		};
		E8D9F73B1927DD800054F3E7 /* Release */ = {
			isa = XCBuildConfiguration;
			buildSettings = {
				ASSETCATALOG_COMPILER_APPICON_NAME = AppIcon;
				ASSETCATALOG_COMPILER_LAUNCHIMAGE_NAME = LaunchImage;
				GCC_PRECOMPILE_PREFIX_HEADER = YES;
				GCC_PREFIX_HEADER = "JLURLConnectionExample/JLURLConnectionExample-Prefix.pch";
				INFOPLIST_FILE = "JLURLConnectionExample/JLURLConnectionExample-Info.plist";
				PRODUCT_NAME = "$(TARGET_NAME)";
				WRAPPER_EXTENSION = app;
			};
			name = Release;
		};
		E8D9F73D1927DD800054F3E7 /* Debug */ = {
			isa = XCBuildConfiguration;
			buildSettings = {
				ARCHS = "$(ARCHS_STANDARD_INCLUDING_64_BIT)";
				BUNDLE_LOADER = "$(BUILT_PRODUCTS_DIR)/JLURLConnectionExample.app/JLURLConnectionExample";
				FRAMEWORK_SEARCH_PATHS = (
					"$(SDKROOT)/Developer/Library/Frameworks",
					"$(inherited)",
					"$(DEVELOPER_FRAMEWORKS_DIR)",
				);
				GCC_PRECOMPILE_PREFIX_HEADER = YES;
				GCC_PREFIX_HEADER = "JLURLConnectionExample/JLURLConnectionExample-Prefix.pch";
				GCC_PREPROCESSOR_DEFINITIONS = (
					"DEBUG=1",
					"$(inherited)",
				);
				INFOPLIST_FILE = "JLURLConnectionExampleTests/JLURLConnectionExampleTests-Info.plist";
				PRODUCT_NAME = "$(TARGET_NAME)";
				TEST_HOST = "$(BUNDLE_LOADER)";
				WRAPPER_EXTENSION = xctest;
			};
			name = Debug;
		};
		E8D9F73E1927DD800054F3E7 /* Release */ = {
			isa = XCBuildConfiguration;
			buildSettings = {
				ARCHS = "$(ARCHS_STANDARD_INCLUDING_64_BIT)";
				BUNDLE_LOADER = "$(BUILT_PRODUCTS_DIR)/JLURLConnectionExample.app/JLURLConnectionExample";
				FRAMEWORK_SEARCH_PATHS = (
					"$(SDKROOT)/Developer/Library/Frameworks",
					"$(inherited)",
					"$(DEVELOPER_FRAMEWORKS_DIR)",
				);
				GCC_PRECOMPILE_PREFIX_HEADER = YES;
				GCC_PREFIX_HEADER = "JLURLConnectionExample/JLURLConnectionExample-Prefix.pch";
				INFOPLIST_FILE = "JLURLConnectionExampleTests/JLURLConnectionExampleTests-Info.plist";
				PRODUCT_NAME = "$(TARGET_NAME)";
				TEST_HOST = "$(BUNDLE_LOADER)";
				WRAPPER_EXTENSION = xctest;
			};
			name = Release;
		};
/* End XCBuildConfiguration section */

/* Begin XCConfigurationList section */
		E8D9F6FF1927DD7F0054F3E7 /* Build configuration list for PBXProject "JLURLConnectionExample" */ = {
			isa = XCConfigurationList;
			buildConfigurations = (
				E8D9F7371927DD800054F3E7 /* Debug */,
				E8D9F7381927DD800054F3E7 /* Release */,
			);
			defaultConfigurationIsVisible = 0;
			defaultConfigurationName = Release;
		};
		E8D9F7391927DD800054F3E7 /* Build configuration list for PBXNativeTarget "JLURLConnectionExample" */ = {
			isa = XCConfigurationList;
			buildConfigurations = (
				E8D9F73A1927DD800054F3E7 /* Debug */,
				E8D9F73B1927DD800054F3E7 /* Release */,
			);
			defaultConfigurationIsVisible = 0;
			defaultConfigurationName = Release;
		};
		E8D9F73C1927DD800054F3E7 /* Build configuration list for PBXNativeTarget "JLURLConnectionExampleTests" */ = {
			isa = XCConfigurationList;
			buildConfigurations = (
				E8D9F73D1927DD800054F3E7 /* Debug */,
				E8D9F73E1927DD800054F3E7 /* Release */,
			);
			defaultConfigurationIsVisible = 0;
			defaultConfigurationName = Release;
		};
/* End XCConfigurationList section */
	};
	rootObject = E8D9F6FC1927DD7F0054F3E7 /* Project object */;
}
